
Microsoft Visual Studio Solution File, Format Version 12.00
# Visual Studio 15
VisualStudioVersion = 15.0.28010.2046
MinimumVisualStudioVersion = 10.0.40219.1
Project("{9A19103F-16F7-4668-BE54-9A1E7A4F7556}") = "Smart_Binance", "Smart_Binance\Smart_Binance.csproj", "{3047602A-4290-4A55-9593-53C638B3A784}"
EndProject
Project("{FAE04EC0-301F-11D3-BF4B-00C04F79EFBC}") = "Smart_Binance_API", "Smart_Binance_API\Smart_Binance_API.csproj", "{D5DAE6FE-0F53-487B-A156-D9E180867724}"
EndProject
Project("{FAE04EC0-301F-11D3-BF4B-00C04F79EFBC}") = "Smart_Binance_Lib", "Smart_Binance_Lib\Smart_Binance_Lib.csproj", "{19C101BC-2B97-41A4-8D29-7DF41D370DF4}"
EndProject
Global
	GlobalSection(SolutionConfigurationPlatforms) = preSolution
		Debug|Any CPU = Debug|Any CPU
		Release|Any CPU = Release|Any CPU
	EndGlobalSection
	GlobalSection(ProjectConfigurationPlatforms) = postSolution
		{3047602A-4290-4A55-9593-53C638B3A784}.Debug|Any CPU.ActiveCfg = Debug|Any CPU
		{3047602A-4290-4A55-9593-53C638B3A784}.Debug|Any CPU.Build.0 = Debug|Any CPU
		{3047602A-4290-4A55-9593-53C638B3A784}.Release|Any CPU.ActiveCfg = Release|Any CPU
		{3047602A-4290-4A55-9593-53C638B3A784}.Release|Any CPU.Build.0 = Release|Any CPU
		{D5DAE6FE-0F53-487B-A156-D9E180867724}.Debug|Any CPU.ActiveCfg = Debug|Any CPU
		{D5DAE6FE-0F53-487B-A156-D9E180867724}.Debug|Any CPU.Build.0 = Debug|Any CPU
		{D5DAE6FE-0F53-487B-A156-D9E180867724}.Release|Any CPU.ActiveCfg = Release|Any CPU
		{D5DAE6FE-0F53-487B-A156-D9E180867724}.Release|Any CPU.Build.0 = Release|Any CPU
		{19C101BC-2B97-41A4-8D29-7DF41D370DF4}.Debug|Any CPU.ActiveCfg = Debug|Any CPU
		{19C101BC-2B97-41A4-8D29-7DF41D370DF4}.Debug|Any CPU.Build.0 = Debug|Any CPU
		{19C101BC-2B97-41A4-8D29-7DF41D370DF4}.Release|Any CPU.ActiveCfg = Release|Any CPU
		{19C101BC-2B97-41A4-8D29-7DF41D370DF4}.Release|Any CPU.Build.0 = Release|Any CPU
	EndGlobalSection
	GlobalSection(SolutionProperties) = preSolution
		HideSolutionNode = FALSE
	EndGlobalSection
	GlobalSection(ExtensibilityGlobals) = postSolution
		SolutionGuid = {81847A2D-1E0C-4E0C-BEB6-0A7A06A75975}
	EndGlobalSection
EndGlobal
